{
  "name": "mo-player-standalone",
  "version": "1.0.0",
  "lockfileVersion": 3,
  "requires": true,
  "packages": {
    "": {
      "name": "mo-player-standalone",
      "version": "1.0.0"
    },
    "..": {
      "name": "mo-workspace",
      "version": "1.0.0",
      "extraneous": true,
      "license": "MIT"
    }
  }
}
